
Microsoft Visual Studio Solution File, Format Version 12.00
# Visual Studio Version 16
VisualStudioVersion = 16.0.31129.286
MinimumVisualStudioVersion = 10.0.40219.1
Project("{FAE04EC0-301F-11D3-BF4B-00C04F79EFBC}") = "ChatApplication", "ChatApplication\ChatApplication.csproj", "{D8EF93E0-9404-4B4E-949D-239BD2DF205E}"
EndProject
Global
	GlobalSection(SolutionConfigurationPlatforms) = preSolution
		Debug|Any CPU = Debug|Any CPU
		Release|Any CPU = Release|Any CPU
	EndGlobalSection
	GlobalSection(ProjectConfigurationPlatforms) = postSolution
		{D8EF93E0-9404-4B4E-949D-239BD2DF205E}.Debug|Any CPU.ActiveCfg = Debug|Any CPU
		{D8EF93E0-9404-4B4E-949D-239BD2DF205E}.Debug|Any CPU.Build.0 = Debug|Any CPU
		{D8EF93E0-9404-4B4E-949D-239BD2DF205E}.Release|Any CPU.ActiveCfg = Release|Any CPU
		{D8EF93E0-9404-4B4E-949D-239BD2DF205E}.Release|Any CPU.Build.0 = Release|Any CPU
	EndGlobalSection
	GlobalSection(SolutionProperties) = preSolution
		HideSolutionNode = FALSE
	EndGlobalSection
	GlobalSection(ExtensibilityGlobals) = postSolution
		SolutionGuid = {A5357555-2AC1-4A60-A5F8-316CF2E00111}
	EndGlobalSection
EndGlobal
